<?xml version="1.0" encoding="utf-8"?>
<Project ToolsVersion="4.0" xmlns="http://schemas.microsoft.com/developer/msbuild/2003">
  <ItemGroup>
    <Filter Include="Source Files">
      <UniqueIdentifier>{4FC737F1-C7A5-4376-A066-2A32D752A2FF}</UniqueIdentifier>
      <Extensions>cpp;c;cc;cxx;c++;cppm;ixx;def;odl;idl;hpj;bat;asm;asmx</Extensions>
    </Filter>
    <Filter Include="Header Files">
      <UniqueIdentifier>{93995380-89BD-4b04-88EB-625FBE52EBFB}</UniqueIdentifier>
      <Extensions>h;hh;hpp;hxx;h++;hm;inl;inc;ipp;xsd</Extensions>
    </Filter>
    <Filter Include="Assets">
      <UniqueIdentifier>{9591cfe9-9fcb-4d5a-a84b-22806191b6c4}</UniqueIdentifier>
    </Filter>
    <Filter Include="Assets\Shaders">
      <UniqueIdentifier>{105cd102-6012-4554-a85b-62065c049dce}</UniqueIdentifier>
    </Filter>
  </ItemGroup>
  <ItemGroup>
    <ClInclude Include="pch.h">
      <Filter>Header Files</Filter>
    </ClInclude>
    <ClInclude Include="Renderer.h">
      <Filter>Header Files</Filter>
    </ClInclude>
    <ClInclude Include="Shader.h">
      <Filter>Header Files</Filter>
    </ClInclude>
    <ClInclude Include="Vortex.h">
      <Filter>Header Files</Filter>
    </ClInclude>
  </ItemGroup>
  <ItemGroup>
    <ClCompile Include="dllmain.cpp">
      <Filter>Source Files</Filter>
    </ClCompile>
    <ClCompile Include="pch.cpp">
      <Filter>Source Files</Filter>
    </ClCompile>
    <ClCompile Include="Renderer.cpp">
      <Filter>Source Files</Filter>
    </ClCompile>
    <ClCompile Include="Shader.cpp">
      <Filter>Source Files</Filter>
    </ClCompile>
  </ItemGroup>
  <ItemGroup>
    <None Include="packages.config" />
    <None Include="Assets\Shaders\Triangle.hlsli">
      <Filter>Assets\Shaders</Filter>
    </None>
  </ItemGroup>
  <ItemGroup>
    <CopyFileToFolders Include="Assets\Shaders\CubeMS.hlsl">
      <Filter>Assets\Shaders</Filter>
    </CopyFileToFolders>
    <CopyFileToFolders Include="Assets\Shaders\CubePS.hlsl">
      <Filter>Assets\Shaders</Filter>
    </CopyFileToFolders>
    <CopyFileToFolders Include="Assets\Shaders\TriangleMS.hlsl">
      <Filter>Assets\Shaders</Filter>
    </CopyFileToFolders>
    <CopyFileToFolders Include="Assets\Shaders\TrianglePS.hlsl">
      <Filter>Assets\Shaders</Filter>
    </CopyFileToFolders>
    <CopyFileToFolders Include="Assets\Shaders\TriangleVS.hlsl">
      <Filter>Assets\Shaders</Filter>
    </CopyFileToFolders>
  </ItemGroup>
</Project>